
Microsoft Visual Studio Solution File, Format Version 12.00
# Visual Studio Version 17
VisualStudioVersion = 17.14.36429.23 d17.14
MinimumVisualStudioVersion = 10.0.40219.1
Project("{FAE04EC0-301F-11D3-BF4B-00C04F79EFBC}") = "eCommerce.API", "eeCommerce.API\eCommerce.API.csproj", "{E1A295F9-E9F3-4871-A5DD-974BC8DF6EE7}"
EndProject
Project("{FAE04EC0-301F-11D3-BF4B-00C04F79EFBC}") = "eCommerce.Infrastructure", "eCommerce.Infrastructure\eCommerce.Infrastructure.csproj", "{C852C9AC-8CAE-4289-B3C7-BE3A6233A156}"
EndProject
Project("{FAE04EC0-301F-11D3-BF4B-00C04F79EFBC}") = "eCommerce.Core", "eCommerce.Core\eCommerce.Core.csproj", "{174BF466-EEB3-4F8F-AEAB-D9382880DAB4}"
EndProject
Global
	GlobalSection(SolutionConfigurationPlatforms) = preSolution
		Debug|Any CPU = Debug|Any CPU
		Release|Any CPU = Release|Any CPU
	EndGlobalSection
	GlobalSection(ProjectConfigurationPlatforms) = postSolution
		{E1A295F9-E9F3-4871-A5DD-974BC8DF6EE7}.Debug|Any CPU.ActiveCfg = Debug|Any CPU
		{E1A295F9-E9F3-4871-A5DD-974BC8DF6EE7}.Debug|Any CPU.Build.0 = Debug|Any CPU
		{E1A295F9-E9F3-4871-A5DD-974BC8DF6EE7}.Release|Any CPU.ActiveCfg = Release|Any CPU
		{E1A295F9-E9F3-4871-A5DD-974BC8DF6EE7}.Release|Any CPU.Build.0 = Release|Any CPU
		{C852C9AC-8CAE-4289-B3C7-BE3A6233A156}.Debug|Any CPU.ActiveCfg = Debug|Any CPU
		{C852C9AC-8CAE-4289-B3C7-BE3A6233A156}.Debug|Any CPU.Build.0 = Debug|Any CPU
		{C852C9AC-8CAE-4289-B3C7-BE3A6233A156}.Release|Any CPU.ActiveCfg = Release|Any CPU
		{C852C9AC-8CAE-4289-B3C7-BE3A6233A156}.Release|Any CPU.Build.0 = Release|Any CPU
		{174BF466-EEB3-4F8F-AEAB-D9382880DAB4}.Debug|Any CPU.ActiveCfg = Debug|Any CPU
		{174BF466-EEB3-4F8F-AEAB-D9382880DAB4}.Debug|Any CPU.Build.0 = Debug|Any CPU
		{174BF466-EEB3-4F8F-AEAB-D9382880DAB4}.Release|Any CPU.ActiveCfg = Release|Any CPU
		{174BF466-EEB3-4F8F-AEAB-D9382880DAB4}.Release|Any CPU.Build.0 = Release|Any CPU
	EndGlobalSection
	GlobalSection(SolutionProperties) = preSolution
		HideSolutionNode = FALSE
	EndGlobalSection
	GlobalSection(ExtensibilityGlobals) = postSolution
		SolutionGuid = {970094F0-C476-4828-9281-12E206D34D30}
	EndGlobalSection
EndGlobal
